
Microsoft Visual Studio Solution File, Format Version 12.00
# Visual Studio Version 16
VisualStudioVersion = 16.0.30523.141
MinimumVisualStudioVersion = 10.0.40219.1
Project("{FAE04EC0-301F-11D3-BF4B-00C04F79EFBC}") = "FileIOforCSV", "FileIOforCSV\FileIOforCSV.csproj", "{A3805C1B-D6B2-4474-A0BD-DF7E23CEBD11}"
EndProject
Global
	GlobalSection(SolutionConfigurationPlatforms) = preSolution
		Debug|Any CPU = Debug|Any CPU
		Release|Any CPU = Release|Any CPU
	EndGlobalSection
	GlobalSection(ProjectConfigurationPlatforms) = postSolution
		{A3805C1B-D6B2-4474-A0BD-DF7E23CEBD11}.Debug|Any CPU.ActiveCfg = Debug|Any CPU
		{A3805C1B-D6B2-4474-A0BD-DF7E23CEBD11}.Debug|Any CPU.Build.0 = Debug|Any CPU
		{A3805C1B-D6B2-4474-A0BD-DF7E23CEBD11}.Release|Any CPU.ActiveCfg = Release|Any CPU
		{A3805C1B-D6B2-4474-A0BD-DF7E23CEBD11}.Release|Any CPU.Build.0 = Release|Any CPU
	EndGlobalSection
	GlobalSection(SolutionProperties) = preSolution
		HideSolutionNode = FALSE
	EndGlobalSection
	GlobalSection(ExtensibilityGlobals) = postSolution
		SolutionGuid = {FBB86F59-0ED3-4F0B-8AAD-0186F04E3C1C}
	EndGlobalSection
EndGlobal
